version = 1
revision = 3
requires-python = "==3.14.6"

[[package]]
name = "alembic"
version = "1.19.1"
source = { registry = "https://pypi.org/simple" }
dependencies = [
    { name = "mako" },
    { name = "sqlalchemy" },
    { name = "typing-extensions" },
]
sdist = { url = "https://files.pythonhosted.org/packages/16/2b/e4153978368de59918115c9e01d3ebf58a558a7285efa7e960c383c4b59a/alembic-1.19.1.tar.gz", hash = "sha256:e0fca0518118c78acc493e31bcb5402f190057aaf6df8b5b95ce94c4789cf648", size = 2070816, upload-time = "2026-08-08T16:32:01.565Z" }
wheels = [
    { url = "https://files.pythonhosted.org/packages/20/89/e62cc37b69ad357cc8ecd6e7367f5245f523d3cbb338a66197212bdf6749/alembic-1.19.1-py3-none-any.whl", hash = "sha256:b39018cb3d9413a19cbd54cf3c02ad33998641f0538eb77413a488a21c3e14be", size = 265946, upload-time = "2026-08-08T16:32:03.153Z" },
]

[[package]]
name = "colorama"
version = "0.4.6"
source = { registry = "https://pypi.org/simple" }
sdist = { url = "https://files.pythonhosted.org/packages/d8/53/6f443c9a4a8358a93a6792e2acffb9d9d5cb0a5cfd8802644b7b1c9a02e4/colorama-0.4.6.tar.gz", hash = "sha256:08695f5cb7ed6e0531a20572697297273c47b8cae5a63ffc6d6ed5c201be6e44", size = 27697, upload-time = "2022-10-25T02:36:22.414Z" }
wheels = [
    { url = "https://files.pythonhosted.org/packages/d1/d6/3965ed04c63042e047cb6a3e6ed1a63a35087b6a609aa3a15ed8ac56c221/colorama-0.4.6-py2.py3-none-any.whl", hash = "sha256:4f1d9991f5acc0ca119f9d443620b77f9d6b33703e51011c16baf57afb285fc6", size = 25335, upload-time = "2022-10-25T02:36:20.889Z" },
]

[[package]]
name = "greenlet"
version = "3.5.5"
source = { registry = "https://pypi.org/simple" }
sdist = { url = "https://files.pythonhosted.org/packages/0b/d8/7cc97c142388aef03f622e001c572c4f84e9252a439549d483f555771970/greenlet-3.5.5.tar.gz", hash = "sha256:adb4bae02e91a8e863e48b177e4014bdcac8a6b5e047ea1df687a61534b85e6c", size = 207585, upload-time = "2026-08-10T15:09:36.136Z" }
wheels = [
    { url = "https://files.pythonhosted.org/packages/7f/8c/080e881fa2be95ff1ddbd6994b2bab3b1a78df3b3fcab39306011764fcc7/greenlet-3.5.5-cp314-cp314-macosx_11_0_universal2.whl", hash = "sha256:d4a389a852e392a6366058651a20fa5ba40d979865aa81bea2ccbdc44805070d", size = 295309, upload-time = "2026-08-10T13:26:03.032Z" },
    { url = "https://files.pythonhosted.org/packages/25/cc/0ac614e6586c0e42d4cc281a5819150f4f43685744a4c5ff77139286409d/greenlet-3.5.5-cp314-cp314-manylinux_2_24_aarch64.manylinux_2_28_aarch64.whl", hash = "sha256:70b157cd319873e8b544ddc2de158f55bbd0a9b0218c8ce9332039801518e328", size = 661185, upload-time = "2026-08-10T14:14:37.867Z" },
    { url = "https://files.pythonhosted.org/packages/5e/b9/6808725354be8ad305dfe5172377664fc9642d4fc043be246b3314cf4482/greenlet-3.5.5-cp314-cp314-manylinux_2_24_ppc64le.manylinux_2_28_ppc64le.whl", hash = "sha256:8bdfd1424abcf26832961e766570cae79efdb9599d709088c9cb6ef82b194926", size = 673419, upload-time = "2026-08-10T14:27:28.652Z" },
    { url = "https://files.pythonhosted.org/packages/42/2e/40c509967da7f254680826a2fa0dd22138ec79946c70b97542d74cde8b43/greenlet-3.5.5-cp314-cp314-manylinux_2_24_x86_64.manylinux_2_28_x86_64.whl", hash = "sha256:182de51c6b572a705f2fafaab2e783bcf7d2760940229dfe73086cbae037af3e", size = 670822, upload-time = "2026-08-10T13:40:51.833Z" },
    { url = "https://files.pythonhosted.org/packages/2d/22/c3c2eee4a8fe191d6d1d183086c56133d646024e3d70bfd414829f64560b/greenlet-3.5.5-cp314-cp314-musllinux_1_2_aarch64.whl", hash = "sha256:8fec3f165dfe332e490c3247c0f6c23b0bfc45f06496ad7f00ddb00e3d35e4dc", size = 1628469, upload-time = "2026-08-10T14:15:08.11Z" },
    { url = "https://files.pythonhosted.org/packages/f7/87/25babd09b94cb1f03e71db815fde463f0262e40cfbd953d58a8d77311351/greenlet-3.5.5-cp314-cp314-musllinux_1_2_x86_64.whl", hash = "sha256:c6ce25fee6cabc8bf22cb8b52e642cbb821be5b9aec8094d07ff03378141b8e9", size = 1691952, upload-time = "2026-08-10T13:40:33.502Z" },
    { url = "https://files.pythonhosted.org/packages/2e/3d/5cc9701117ea4dc0eb7bf1f4f9b7888a6e2e5277ddfae095805ace50f2b6/greenlet-3.5.5-cp314-cp314-win_amd64.whl", hash = "sha256:7dffc5c859fe6059974df1e37d7923d654a83e2ae18fdd616994270e001115e1", size = 327458, upload-time = "2026-08-10T13:27:02.868Z" },
    { url = "https://files.pythonhosted.org/packages/a7/6b/594fa2de7fae7629168a404a4305d7d7e31a5742c50a801b1839543cb93d/greenlet-3.5.5-cp314-cp314-win_arm64.whl", hash = "sha256:5e2afcfc4d4305dd715809b03da5cbe437c8984f61d8917751eb5fe4aefa3e07", size = 311146, upload-time = "2026-08-10T13:27:25.046Z" },
    { url = "https://files.pythonhosted.org/packages/24/e0/50cd600b469e5734c72709b6b1838b6bc63f307b573c772c3132d6ecfe92/greenlet-3.5.5-cp314-cp314t-macosx_11_0_universal2.whl", hash = "sha256:0e5a7de979d764aea1f5b6e95cf92b5b37741b9823702041f34b126e7f690277", size = 305471, upload-time = "2026-08-10T13:26:20.568Z" },
    { url = "https://files.pythonhosted.org/packages/75/a3/77acd66dfc6387b5219b2080806c0cabb73c10eb1bb44b413c40a62015ba/greenlet-3.5.5-cp314-cp314t-manylinux_2_24_aarch64.manylinux_2_28_aarch64.whl", hash = "sha256:fef01bd457f11fc158b130ca0027a3c365693280e8e231b65bdaf57999f39f5b", size = 672470, upload-time = "2026-08-10T14:14:39.058Z" },
    { url = "https://files.pythonhosted.org/packages/b9/71/0d178142dca3ec19f46fb2212ae73d30ad53b9d548dc64804086033a7089/greenlet-3.5.5-cp314-cp314t-manylinux_2_24_ppc64le.manylinux_2_28_ppc64le.whl", hash = "sha256:5173a72310725a74afc82c164f0e52cb8ad0de62f2bb623f24f6c0cc07d80272", size = 679973, upload-time = "2026-08-10T14:27:30.072Z" },
    { url = "https://files.pythonhosted.org/packages/6e/31/46eb8567302eaf787abf88d09df014e14ae3baf460af1b8b0efdbd3efcd5/greenlet-3.5.5-cp314-cp314t-manylinux_2_24_x86_64.manylinux_2_28_x86_64.whl", hash = "sha256:44f08341873200ba8a60a8bc14ace3d91f1754f7fa7bc66157714a8cd420a476", size = 676634, upload-time = "2026-08-10T13:40:53.004Z" },
    { url = "https://files.pythonhosted.org/packages/a3/e9/b88bbf5b29970cb84172dc2c32aa3e5e579ceb94c808e81c826454138850/greenlet-3.5.5-cp314-cp314t-musllinux_1_2_aarch64.whl", hash = "sha256:d246c0db9a2513cd45f019ba178ea4d4d4705bd210ee465e2c15d76a1ab13874", size = 1637320, upload-time = "2026-08-10T14:15:09.317Z" },
    { url = "https://files.pythonhosted.org/packages/6d/8c/7631ed29cc6f0392f11830076e172ce4885e70b0bc2c1bce1731176d4b4e/greenlet-3.5.5-cp314-cp314t-musllinux_1_2_x86_64.whl", hash = "sha256:72507285b5caa1d17904a3f7c322ca780823a54170a0e04ec3f37bcc60d4db71", size = 1697412, upload-time = "2026-08-10T13:40:34.924Z" },
    { url = "https://files.pythonhosted.org/packages/da/0f/f7dd935f9c4cb1be49098770587f54d8a78518e55c89bce86c4fb4109057/greenlet-3.5.5-cp314-cp314t-win_amd64.whl", hash = "sha256:7805655781fb8f28a55d05fe57ed61f5f10f1892fb587673e3bb5264f28041f0", size = 331514, upload-time = "2026-08-10T13:29:20.611Z" },
]

[[package]]
name = "iniconfig"
version = "2.3.0"
source = { registry = "https://pypi.org/simple" }
sdist = { url = "https://files.pythonhosted.org/packages/72/34/14ca021ce8e5dfedc35312d08ba8bf51fdd999c576889fc2c24cb97f4f10/iniconfig-2.3.0.tar.gz", hash = "sha256:c76315c77db068650d49c5b56314774a7804df16fee4402c1f19d6d15d8c4730", size = 20503, upload-time = "2025-10-18T21:55:43.219Z" }
wheels = [
    { url = "https://files.pythonhosted.org/packages/cb/b1/3846dd7f199d53cb17f49cba7e651e9ce294d8497c8c150530ed11865bb8/iniconfig-2.3.0-py3-none-any.whl", hash = "sha256:f631c04d2c48c52b84d0d0549c99ff3859c98df65b3101406327ecc7d53fbf12", size = 7484, upload-time = "2025-10-18T21:55:41.639Z" },
]

[[package]]
name = "librt"
version = "0.15.0"
source = { registry = "https://pypi.org/simple" }
sdist = { url = "https://files.pythonhosted.org/packages/36/9b/356320fbae2ac8467e21c5e73e1389c80468e4998c62cc7d3536cc51b614/librt-0.15.0.tar.gz", hash = "sha256:4e66cbe84437497d951b799d3e1551291b6fb3d643820a7014b3655d57a59162", size = 214338, upload-time = "2026-08-07T10:49:42.663Z" }
wheels = [
    { url = "https://files.pythonhosted.org/packages/a8/93/949053fb462eecc4a9a5ee770a81f4b40be7b79538b245545d4aebc6b58b/librt-0.15.0-cp314-cp314-macosx_10_15_x86_64.whl", hash = "sha256:f5de7feedc56337a088eb15cd9fafa9938367362221d8cc62c642b7f94821993", size = 149833, upload-time = "2026-08-07T10:47:39.86Z" },
    { url = "https://files.pythonhosted.org/packages/61/ca/8281aa6cd560a3420e4497729f6b704b53be3eeaaef82d5aeadddaf7441f/librt-0.15.0-cp314-cp314-macosx_11_0_arm64.whl", hash = "sha256:6c0eb900c0e91f4aebe680845242e614f1864edfd44106380d0752ac29522bf8", size = 154088, upload-time = "2026-08-07T10:47:41.065Z" },
    { url = "https://files.pythonhosted.org/packages/dd/02/1a1662dceaba6a086360891448d5ce9a7d3555976cae59a31a39d744b9c7/librt-0.15.0-cp314-cp314-manylinux2014_aarch64.manylinux_2_17_aarch64.manylinux_2_28_aarch64.whl", hash = "sha256:e8c9a650a188e38bac005048cbe6342e81407782944d01934540ab75e417df21", size = 494215, upload-time = "2026-08-07T10:47:42.388Z" },
    { url = "https://files.pythonhosted.org/packages/69/84/99211619dc656370a3740c33d2b0b6d5a3fb1e73689314f6ed477a397dc4/librt-0.15.0-cp314-cp314-manylinux2014_i686.manylinux_2_17_i686.manylinux_2_28_i686.whl", hash = "sha256:92bfed8deec93df30286b9fe9e3b1dd17329cc076a192b4ee5ec223841d54953", size = 491173, upload-time = "2026-08-07T10:47:43.683Z" },
    { url = "https://files.pythonhosted.org/packages/d4/aa/5448d0b05f4579b635d3899176817ebf561af0e57bacd425b5b1887264c1/librt-0.15.0-cp314-cp314-manylinux2014_ppc64le.manylinux_2_17_ppc64le.manylinux_2_28_ppc64le.whl", hash = "sha256:ec4b19788f835711a2072f9dbe6b03b3bf32ed1f0fb30cf399bdd59d9f0c33fa", size = 505512, upload-time = "2026-08-07T10:47:45.314Z" },
    { url = "https://files.pythonhosted.org/packages/95/82/01940e40b83c43a546c4a3c896cf34ca272a9690899d55914e4827b3dcce/librt-0.15.0-cp314-cp314-manylinux2014_x86_64.manylinux_2_17_x86_64.manylinux_2_28_x86_64.whl", hash = "sha256:d4c7bacb70930f3d0a56f4ecf1be474a1f0d941b01dd73b756f3c256d42cb879", size = 523073, upload-time = "2026-08-07T10:47:46.66Z" },
    { url = "https://files.pythonhosted.org/packages/88/fa/759c0030f3ee371439eb26de34fc745807caf0abb878af7af4b8b7c3dd3d/librt-0.15.0-cp314-cp314-manylinux_2_34_riscv64.manylinux_2_39_riscv64.whl", hash = "sha256:3e79f05e4a08b4d880342673312bbc895b56df7765605796f15902eb5367d3ae", size = 515080, upload-time = "2026-08-07T10:47:48.319Z" },
    { url = "https://files.pythonhosted.org/packages/0b/27/894e072228fcb159703c655da69f8cd10dbed489c36e3df7dd032a2483be/librt-0.15.0-cp314-cp314-musllinux_1_2_aarch64.whl", hash = "sha256:a417149c0cba4d50b61e992e5a15e69eaf96746609b461cc4ed168aeef6b79dd", size = 534164, upload-time = "2026-08-07T10:47:49.875Z" },
    { url = "https://files.pythonhosted.org/packages/98/a3/0078e91c1f36f8815db17827de15650b9a3fe56c55fbf998c854b34e40d3/librt-0.15.0-cp314-cp314-musllinux_1_2_i686.whl", hash = "sha256:da7a94d6a3411f579d72aa3e3bc5fbca7ed4549f3dbd7e5de3aa567333374285", size = 540616, upload-time = "2026-08-07T10:47:51.408Z" },
    { url = "https://files.pythonhosted.org/packages/86/33/81a29b796dd52a45e9ef7974c7732926e8f10f15b8d2be505665979f896d/librt-0.15.0-cp314-cp314-musllinux_1_2_ppc64le.whl", hash = "sha256:856f743ae607f2c1380eccb566c0038a9fb3eabf0fc2be2704d76d9f73557239", size = 545890, upload-time = "2026-08-07T10:47:52.818Z" },
    { url = "https://files.pythonhosted.org/packages/05/82/8be1baa1350e5d30cfd70ae79d0a6f4dc5862ef47f7bb2808aabc9bb86e5/librt-0.15.0-cp314-cp314-musllinux_1_2_riscv64.whl", hash = "sha256:779a6e7c894737e5983e7790a9c78c4000c30e23c9aada08081bdbea53b0fa60", size = 523287, upload-time = "2026-08-07T10:47:54.165Z" },
    { url = "https://files.pythonhosted.org/packages/c6/4f/d1be6a01a35c20ef734e0e44113f87d4af756a9354a89dcfbe3b4f8af5e1/librt-0.15.0-cp314-cp314-musllinux_1_2_x86_64.whl", hash = "sha256:96bb17dbe8bab3c0954fbebfc69ed395599de75b6bbc35e3270a878e15d4dd65", size = 565868, upload-time = "2026-08-07T10:47:55.566Z" },
    { url = "https://files.pythonhosted.org/packages/67/88/649cfa33f5825927b160610f670bdab012a64d627eddb94fa795ea4292fd/librt-0.15.0-cp314-cp314-pyemscripten_2026_0_wasm32.whl", hash = "sha256:7220697efaa6e5348fc3d18ee7f8563d4bfecd9872b37ffb915bfc1d08840622", size = 81619, upload-time = "2026-08-07T10:47:56.886Z" },
    { url = "https://files.pythonhosted.org/packages/22/31/8e88a8d5e48fc8d1a817787fb6811dfff6499acd6c8683dd83934aa6ede0/librt-0.15.0-cp314-cp314-win32.whl", hash = "sha256:f54598964d357b1c5ab77cf5d92f21e598fe0e23cdbe9618480807f81b4eba15", size = 100138, upload-time = "2026-08-07T10:47:58.093Z" },
    { url = "https://files.pythonhosted.org/packages/80/92/20fd6c4b6a1b1a564b076d55cd3d427d8428217d7638dc25a654cc4791d4/librt-0.15.0-cp314-cp314-win_amd64.whl", hash = "sha256:3ff5893a2c23d886aa9ce786de5ac6ddc74aeeaf90743682b74d920e117d2e28", size = 121258, upload-time = "2026-08-07T10:47:59.564Z" },
    { url = "https://files.pythonhosted.org/packages/fc/28/6af430b44d9ebb897b865a3c363b6dcace51357be2347cc0f8f869656a86/librt-0.15.0-cp314-cp314-win_arm64.whl", hash = "sha256:3722a099730704c9a3d70c879fc0f51daec25fe5f1555672d97bc595abeafb95", size = 106467, upload-time = "2026-08-07T10:48:01.097Z" },
    { url = "https://files.pythonhosted.org/packages/7e/aa/b42bb798942ced219f6d63b27e07f91237887a8d0bd0921666db79a13790/librt-0.15.0-cp314-cp314t-macosx_10_15_x86_64.whl", hash = "sha256:38c0c7d4b6fc06c3324b3f9162c8391bfc4fd9dde53afe1033ce7edb48d5a714", size = 159523, upload-time = "2026-08-07T10:48:02.442Z" },
    { url = "https://files.pythonhosted.org/packages/75/03/1b53cd4ef904e73b1d828a5f90143bf94a2967d7cfff0b9ccf93e12aa9b4/librt-0.15.0-cp314-cp314t-macosx_11_0_arm64.whl", hash = "sha256:8b2fdd7ead3c995c37940a790690660d0ca006c302db26cc51933f6766866fc3", size = 161638, upload-time = "2026-08-07T10:48:03.725Z" },
    { url = "https://files.pythonhosted.org/packages/ac/c4/9f9c9fba097d49e9e694c2b4dc331df31884645ecbc58a93b4b5fc69d2c5/librt-0.15.0-cp314-cp314t-manylinux2014_aarch64.manylinux_2_17_aarch64.manylinux_2_28_aarch64.whl", hash = "sha256:2fde98cf1fc4bac144ce23c2c4c017b924ba714509ea9334977b0b27050c837d", size = 701795, upload-time = "2026-08-07T10:48:05.135Z" },
    { url = "https://files.pythonhosted.org/packages/4c/05/0966840bda0380c8ae167b9043c6230202941cc90ea29c48e096964c765e/librt-0.15.0-cp314-cp314t-manylinux2014_i686.manylinux_2_17_i686.manylinux_2_28_i686.whl", hash = "sha256:e3b461183c5fa7681b48560f91515f53a953122fb30c71e07abc67d7ddf58c38", size = 682147, upload-time = "2026-08-07T10:48:06.555Z" },
    { url = "https://files.pythonhosted.org/packages/18/af/1c47ca573c30ea47d195aec26133af522fea1104afaace028d7b32247ea8/librt-0.15.0-cp314-cp314t-manylinux2014_ppc64le.manylinux_2_17_ppc64le.manylinux_2_28_ppc64le.whl", hash = "sha256:4bbcc257e3babea20a91715c361b24554ec4e8f51aa578568afc230799fe1a19", size = 696397, upload-time = "2026-08-07T10:48:08.03Z" },
    { url = "https://files.pythonhosted.org/packages/2e/0f/1aed6223d4f9f9d1171a8596ff100ea4c3f7699fea7a4ba657c3e60daa6c/librt-0.15.0-cp314-cp314t-manylinux2014_x86_64.manylinux_2_17_x86_64.manylinux_2_28_x86_64.whl", hash = "sha256:b845b8d48088fad0cadc84be4b8fda63203be7e9237b71015b3925443c1f35ab", size = 722542, upload-time = "2026-08-07T10:48:09.569Z" },
    { url = "https://files.pythonhosted.org/packages/c6/22/9e3a929aea456c97d69e6ef3884efea56d4807f97399471cc946baebd8af/librt-0.15.0-cp314-cp314t-manylinux_2_34_riscv64.manylinux_2_39_riscv64.whl", hash = "sha256:b30e600e8f337b9bd7f39b86d9fdfedc73cc46e3d0f745931a23a234220bb7e2", size = 729709, upload-time = "2026-08-07T10:48:11.129Z" },
    { url = "https://files.pythonhosted.org/packages/e9/1b/c327ef6018e3a9ca0b8e7c5eddeeb331ba8f9b76c24e126d37d0f6d62faf/librt-0.15.0-cp314-cp314t-musllinux_1_2_aarch64.whl", hash = "sha256:64b0c8c35aa4c4ed79896359f3e0b285cbe4e610042106500da4811c322cc108", size = 752891, upload-time = "2026-08-07T10:48:12.558Z" },
    { url = "https://files.pythonhosted.org/packages/d7/d1/d5f1ea02c56930087009e39db9b70660a663e76c730b27b925d786718457/librt-0.15.0-cp314-cp314t-musllinux_1_2_i686.whl", hash = "sha256:0da0d94cb802f32a0524653e7201f2cef72d5f700a5407678f5290483d4fcd08", size = 745301, upload-time = "2026-08-07T10:48:14.55Z" },
    { url = "https://files.pythonhosted.org/packages/d9/3c/5f7c585d15ebb2250c73e7c0ee4e9e47be72c65d520c07ddbcdc62037674/librt-0.15.0-cp314-cp314t-musllinux_1_2_ppc64le.whl", hash = "sha256:4a6369168d371207339b1e50d4532b06a7121586141f82599505a3f315751d47", size = 747921, upload-time = "2026-08-07T10:48:16.453Z" },
    { url = "https://files.pythonhosted.org/packages/7f/52/1443a446486eba966bcbca1696b472e4f210320ec42f490a47f48fbf0fdc/librt-0.15.0-cp314-cp314t-musllinux_1_2_riscv64.whl", hash = "sha256:c434e072557ade9cbc642d052c89d031efe47d5c9614523619d0d74a02378e81", size = 727561, upload-time = "2026-08-07T10:48:18.089Z" },
    { url = "https://files.pythonhosted.org/packages/79/91/2270a9380f11725cf83ce1925a5e32dd1dde2be9bba597f25c10a38644e7/librt-0.15.0-cp314-cp314t-musllinux_1_2_x86_64.whl", hash = "sha256:c7eec6a42018bc1d45763b1c162d3d2bf7c3b9a1b0ed30d3e91dcba390efefcc", size = 774417, upload-time = "2026-08-07T10:48:19.611Z" },
    { url = "https://files.pythonhosted.org/packages/9e/3b/f4b1548d4f5b99186737fe27aec238e9823e8d5d23bf4df007c030689dc5/librt-0.15.0-cp314-cp314t-win32.whl", hash = "sha256:6912fa5e635d74529ac7cdb1bdf6ca3af4453da8d1edbe0110ee1cb4ad407ebf", size = 104381, upload-time = "2026-08-07T10:48:21.048Z" },
    { url = "https://files.pythonhosted.org/packages/80/b6/134afad262def1de04c0843c376d02135f1168af43f22e09a52bd8394727/librt-0.15.0-cp314-cp314t-win_amd64.whl", hash = "sha256:8e11699ed745931c395acd3621b07062e0f840efa6935aad87a64ed0995f0915", size = 127034, upload-time = "2026-08-07T10:48:22.561Z" },
    { url = "https://files.pythonhosted.org/packages/99/5f/1b6846b20572bd699c9e9ec321a5f781845bee477df2aa2a43b28bc40119/librt-0.15.0-cp314-cp314t-win_arm64.whl", hash = "sha256:5d2a91724463bfed4f573cd7a9fdc856d2e230d0c0e5a61416a93481dccd8605", size = 110827, upload-time = "2026-08-07T10:48:23.804Z" },
]

[[package]]
name = "mako"
version = "1.4.1"
source = { registry = "https://pypi.org/simple" }
dependencies = [
    { name = "markupsafe" },
]
sdist = { url = "https://files.pythonhosted.org/packages/2a/12/b5fa2353e2754cd67fb9f83793fa48ff42c213a5da7e719869d2301f6ab8/mako-1.4.1.tar.gz", hash = "sha256:d7904710b662996425a21627710c4777c45053146942cf8a7aebf757c92b8c27", size = 410165, upload-time = "2026-08-05T06:10:56.611Z" }
wheels = [
    { url = "https://files.pythonhosted.org/packages/a5/54/12ed58d458474aaab5c3d180173e745a4fe131bb330370596876d19ff60f/mako-1.4.1-py3-none-any.whl", hash = "sha256:a359d9a94a541213958742b2698d0a7757bb83551767bc468a74b9905aba9617", size = 80010, upload-time = "2026-08-05T06:10:58.248Z" },
]

[[package]]
name = "markupsafe"
version = "3.0.3"
source = { registry = "https://pypi.org/simple" }
sdist = { url = "https://files.pythonhosted.org/packages/7e/99/7690b6d4034fffd95959cbe0c02de8deb3098cc577c67bb6a24fe5d7caa7/markupsafe-3.0.3.tar.gz", hash = "sha256:722695808f4b6457b320fdc131280796bdceb04ab50fe1795cd540799ebe1698", size = 80313, upload-time = "2025-09-27T18:37:40.426Z" }
wheels = [
    { url = "https://files.pythonhosted.org/packages/33/8a/8e42d4838cd89b7dde187011e97fe6c3af66d8c044997d2183fbd6d31352/markupsafe-3.0.3-cp314-cp314-macosx_10_13_x86_64.whl", hash = "sha256:eaa9599de571d72e2daf60164784109f19978b327a3910d3e9de8c97b5b70cfe", size = 11619, upload-time = "2025-09-27T18:37:06.342Z" },
    { url = "https://files.pythonhosted.org/packages/b5/64/7660f8a4a8e53c924d0fa05dc3a55c9cee10bbd82b11c5afb27d44b096ce/markupsafe-3.0.3-cp314-cp314-macosx_11_0_arm64.whl", hash = "sha256:c47a551199eb8eb2121d4f0f15ae0f923d31350ab9280078d1e5f12b249e0026", size = 12029, upload-time = "2025-09-27T18:37:07.213Z" },
    { url = "https://files.pythonhosted.org/packages/da/ef/e648bfd021127bef5fa12e1720ffed0c6cbb8310c8d9bea7266337ff06de/markupsafe-3.0.3-cp314-cp314-manylinux2014_aarch64.manylinux_2_17_aarch64.manylinux_2_28_aarch64.whl", hash = "sha256:f34c41761022dd093b4b6896d4810782ffbabe30f2d443ff5f083e0cbbb8c737", size = 24408, upload-time = "2025-09-27T18:37:09.572Z" },
    { url = "https://files.pythonhosted.org/packages/41/3c/a36c2450754618e62008bf7435ccb0f88053e07592e6028a34776213d877/markupsafe-3.0.3-cp314-cp314-manylinux2014_x86_64.manylinux_2_17_x86_64.manylinux_2_28_x86_64.whl", hash = "sha256:457a69a9577064c05a97c41f4e65148652db078a3a509039e64d3467b9e7ef97", size = 23005, upload-time = "2025-09-27T18:37:10.58Z" },
    { url = "https://files.pythonhosted.org/packages/bc/20/b7fdf89a8456b099837cd1dc21974632a02a999ec9bf7ca3e490aacd98e7/markupsafe-3.0.3-cp314-cp314-manylinux_2_31_riscv64.manylinux_2_39_riscv64.whl", hash = "sha256:e8afc3f2ccfa24215f8cb28dcf43f0113ac3c37c2f0f0806d8c70e4228c5cf4d", size = 22048, upload-time = "2025-09-27T18:37:11.547Z" },
    { url = "https://files.pythonhosted.org/packages/9a/a7/591f592afdc734f47db08a75793a55d7fbcc6902a723ae4cfbab61010cc5/markupsafe-3.0.3-cp314-cp314-musllinux_1_2_aarch64.whl", hash = "sha256:ec15a59cf5af7be74194f7ab02d0f59a62bdcf1a537677ce67a2537c9b87fcda", size = 23821, upload-time = "2025-09-27T18:37:12.48Z" },
    { url = "https://files.pythonhosted.org/packages/7d/33/45b24e4f44195b26521bc6f1a82197118f74df348556594bd2262bda1038/markupsafe-3.0.3-cp314-cp314-musllinux_1_2_riscv64.whl", hash = "sha256:0eb9ff8191e8498cca014656ae6b8d61f39da5f95b488805da4bb029cccbfbaf", size = 21606, upload-time = "2025-09-27T18:37:13.485Z" },
    { url = "https://files.pythonhosted.org/packages/ff/0e/53dfaca23a69fbfbbf17a4b64072090e70717344c52eaaaa9c5ddff1e5f0/markupsafe-3.0.3-cp314-cp314-musllinux_1_2_x86_64.whl", hash = "sha256:2713baf880df847f2bece4230d4d094280f4e67b1e813eec43b4c0e144a34ffe", size = 23043, upload-time = "2025-09-27T18:37:14.408Z" },
    { url = "https://files.pythonhosted.org/packages/46/11/f333a06fc16236d5238bfe74daccbca41459dcd8d1fa952e8fbd5dccfb70/markupsafe-3.0.3-cp314-cp314-win32.whl", hash = "sha256:729586769a26dbceff69f7a7dbbf59ab6572b99d94576a5592625d5b411576b9", size = 14747, upload-time = "2025-09-27T18:37:15.36Z" },
    { url = "https://files.pythonhosted.org/packages/28/52/182836104b33b444e400b14f797212f720cbc9ed6ba34c800639d154e821/markupsafe-3.0.3-cp314-cp314-win_amd64.whl", hash = "sha256:bdc919ead48f234740ad807933cdf545180bfbe9342c2bb451556db2ed958581", size = 15341, upload-time = "2025-09-27T18:37:16.496Z" },
    { url = "https://files.pythonhosted.org/packages/6f/18/acf23e91bd94fd7b3031558b1f013adfa21a8e407a3fdb32745538730382/markupsafe-3.0.3-cp314-cp314-win_arm64.whl", hash = "sha256:5a7d5dc5140555cf21a6fefbdbf8723f06fcd2f63ef108f2854de715e4422cb4", size = 14073, upload-time = "2025-09-27T18:37:17.476Z" },
    { url = "https://files.pythonhosted.org/packages/3c/f0/57689aa4076e1b43b15fdfa646b04653969d50cf30c32a102762be2485da/markupsafe-3.0.3-cp314-cp314t-macosx_10_13_x86_64.whl", hash = "sha256:1353ef0c1b138e1907ae78e2f6c63ff67501122006b0f9abad68fda5f4ffc6ab", size = 11661, upload-time = "2025-09-27T18:37:18.453Z" },
    { url = "https://files.pythonhosted.org/packages/89/c3/2e67a7ca217c6912985ec766c6393b636fb0c2344443ff9d91404dc4c79f/markupsafe-3.0.3-cp314-cp314t-macosx_11_0_arm64.whl", hash = "sha256:1085e7fbddd3be5f89cc898938f42c0b3c711fdcb37d75221de2666af647c175", size = 12069, upload-time = "2025-09-27T18:37:19.332Z" },
    { url = "https://files.pythonhosted.org/packages/f0/00/be561dce4e6ca66b15276e184ce4b8aec61fe83662cce2f7d72bd3249d28/markupsafe-3.0.3-cp314-cp314t-manylinux2014_aarch64.manylinux_2_17_aarch64.manylinux_2_28_aarch64.whl", hash = "sha256:1b52b4fb9df4eb9ae465f8d0c228a00624de2334f216f178a995ccdcf82c4634", size = 25670, upload-time = "2025-09-27T18:37:20.245Z" },
    { url = "https://files.pythonhosted.org/packages/50/09/c419f6f5a92e5fadde27efd190eca90f05e1261b10dbd8cbcb39cd8ea1dc/markupsafe-3.0.3-cp314-cp314t-manylinux2014_x86_64.manylinux_2_17_x86_64.manylinux_2_28_x86_64.whl", hash = "sha256:fed51ac40f757d41b7c48425901843666a6677e3e8eb0abcff09e4ba6e664f50", size = 23598, upload-time = "2025-09-27T18:37:21.177Z" },
    { url = "https://files.pythonhosted.org/packages/22/44/a0681611106e0b2921b3033fc19bc53323e0b50bc70cffdd19f7d679bb66/markupsafe-3.0.3-cp314-cp314t-manylinux_2_31_riscv64.manylinux_2_39_riscv64.whl", hash = "sha256:f190daf01f13c72eac4efd5c430a8de82489d9cff23c364c3ea822545032993e", size = 23261, upload-time = "2025-09-27T18:37:22.167Z" },
    { url = "https://files.pythonhosted.org/packages/5f/57/1b0b3f100259dc9fffe780cfb60d4be71375510e435efec3d116b6436d43/markupsafe-3.0.3-cp314-cp314t-musllinux_1_2_aarch64.whl", hash = "sha256:e56b7d45a839a697b5eb268c82a71bd8c7f6c94d6fd50c3d577fa39a9f1409f5", size = 24835, upload-time = "2025-09-27T18:37:23.296Z" },
    { url = "https://files.pythonhosted.org/packages/26/6a/4bf6d0c97c4920f1597cc14dd720705eca0bf7c787aebc6bb4d1bead5388/markupsafe-3.0.3-cp314-cp314t-musllinux_1_2_riscv64.whl", hash = "sha256:f3e98bb3798ead92273dc0e5fd0f31ade220f59a266ffd8a4f6065e0a3ce0523", size = 22733, upload-time = "2025-09-27T18:37:24.237Z" },
    { url = "https://files.pythonhosted.org/packages/14/c7/ca723101509b518797fedc2fdf79ba57f886b4aca8a7d31857ba3ee8281f/markupsafe-3.0.3-cp314-cp314t-musllinux_1_2_x86_64.whl", hash = "sha256:5678211cb9333a6468fb8d8be0305520aa073f50d17f089b5b4b477ea6e67fdc", size = 23672, upload-time = "2025-09-27T18:37:25.271Z" },
    { url = "https://files.pythonhosted.org/packages/fb/df/5bd7a48c256faecd1d36edc13133e51397e41b73bb77e1a69deab746ebac/markupsafe-3.0.3-cp314-cp314t-win32.whl", hash = "sha256:915c04ba3851909ce68ccc2b8e2cd691618c4dc4c4232fb7982bca3f41fd8c3d", size = 14819, upload-time = "2025-09-27T18:37:26.285Z" },
    { url = "https://files.pythonhosted.org/packages/1a/8a/0402ba61a2f16038b48b39bccca271134be00c5c9f0f623208399333c448/markupsafe-3.0.3-cp314-cp314t-win_amd64.whl", hash = "sha256:4faffd047e07c38848ce017e8725090413cd80cbc23d86e55c587bf979e579c9", size = 15426, upload-time = "2025-09-27T18:37:27.316Z" },
    { url = "https://files.pythonhosted.org/packages/70/bc/6f1c2f612465f5fa89b95bead1f44dcb607670fd42891d8fdcd5d039f4f4/markupsafe-3.0.3-cp314-cp314t-win_arm64.whl", hash = "sha256:32001d6a8fc98c8cb5c947787c5d08b0a50663d139f1305bac5885d98d9b40fa", size = 14146, upload-time = "2025-09-27T18:37:28.327Z" },
]

[[package]]
name = "mypy"
version = "1.20.2"
source = { registry = "https://pypi.org/simple" }
dependencies = [
    { name = "librt", marker = "platform_python_implementation != 'PyPy'" },
    { name = "mypy-extensions" },
    { name = "pathspec" },
    { name = "typing-extensions" },
]
sdist = { url = "https://files.pythonhosted.org/packages/04/af/e3d4b3e9ec91a0ff9aabfdb38692952acf49bbb899c2e4c29acb3a6da3ae/mypy-1.20.2.tar.gz", hash = "sha256:e8222c26daaafd9e8626dec58ae36029f82585890589576f769a650dd20fd665", size = 3817349, upload-time = "2026-04-21T17:12:28.473Z" }
wheels = [
    { url = "https://files.pythonhosted.org/packages/ae/d1/b4ec96b0ecc620a4443570c6e95c867903428cfcde4206518eafdd5880c3/mypy-1.20.2-cp314-cp314-macosx_10_15_x86_64.whl", hash = "sha256:419413398fe250aae057fd2fe50166b61077083c9b82754c341cf4fd73038f30", size = 14524561, upload-time = "2026-04-21T17:06:27.325Z" },
    { url = "https://files.pythonhosted.org/packages/3a/63/d2c2ff4fa66bc49477d32dfa26e8a167ba803ea6a69c5efb416036909d30/mypy-1.20.2-cp314-cp314-macosx_11_0_arm64.whl", hash = "sha256:e73c07f23009962885c197ccb9b41356a30cc0e5a1d0c2ea8fd8fb1362d7f924", size = 13363883, upload-time = "2026-04-21T17:11:11.239Z" },
    { url = "https://files.pythonhosted.org/packages/2a/56/983916806bf4eddeaaa2c9230903c3669c6718552a921154e1c5182c701f/mypy-1.20.2-cp314-cp314-manylinux2014_aarch64.manylinux_2_17_aarch64.manylinux_2_28_aarch64.whl", hash = "sha256:0c64e5973df366b747646fc98da921f9d6eba9716d57d1db94a83c026a08e0fb", size = 13742945, upload-time = "2026-04-21T17:08:34.181Z" },
    { url = "https://files.pythonhosted.org/packages/19/65/0cd9285ab010ee8214c83d67c6b49417c40d86ce46f1aa109457b5a9b8d7/mypy-1.20.2-cp314-cp314-manylinux2014_x86_64.manylinux_2_17_x86_64.manylinux_2_28_x86_64.whl", hash = "sha256:5a65aa591af023864fd08a97da9974e919452cfe19cb146c8a5dc692626445dc", size = 14706163, upload-time = "2026-04-21T17:05:15.51Z" },
    { url = "https://files.pythonhosted.org/packages/94/97/48ff3b297cafcc94d185243a9190836fb1b01c1b0918fff64e941e973cc9/mypy-1.20.2-cp314-cp314-musllinux_1_2_x86_64.whl", hash = "sha256:4fef51b01e638974a6e69885687e9bd40c8d1e09a6cd291cca0619625cf1f558", size = 14938677, upload-time = "2026-04-21T17:05:39.562Z" },
    { url = "https://files.pythonhosted.org/packages/fd/a1/1b4233d255bdd0b38a1f284feeb1c143ca508c19184964e22f8d837ec851/mypy-1.20.2-cp314-cp314-win_amd64.whl", hash = "sha256:913485a03f1bcf5d279409a9d2b9ed565c151f61c09f29991e5faa14033da4c8", size = 11089322, upload-time = "2026-04-21T17:06:44.29Z" },
    { url = "https://files.pythonhosted.org/packages/78/c2/ce7ee2ba36aeb954ba50f18fa25d9c1188578654b97d02a66a15b6f09531/mypy-1.20.2-cp314-cp314-win_arm64.whl", hash = "sha256:c3bae4f855d965b5453784300c12ffc63a548304ac7f99e55d4dc7c898673aa3", size = 10017775, upload-time = "2026-04-21T17:07:20.732Z" },
    { url = "https://files.pythonhosted.org/packages/4e/a1/9d93a7d0b5859af0ead82b4888b46df6c8797e1bc5e1e262a08518c6d48e/mypy-1.20.2-cp314-cp314t-macosx_10_15_x86_64.whl", hash = "sha256:2de3dcea53babc1c3237a19002bc3d228ce1833278f093b8d619e06e7cc79609", size = 15549002, upload-time = "2026-04-21T17:08:23.107Z" },
    { url = "https://files.pythonhosted.org/packages/00/d2/09a6a10ee1bf0008f6c144d9676f2ca6a12512151b4e0ad0ff6c4fac5337/mypy-1.20.2-cp314-cp314t-macosx_11_0_arm64.whl", hash = "sha256:52b176444e2e5054dfcbcb8c75b0b719865c96247b37407184bbfca5c353f2c2", size = 14401942, upload-time = "2026-04-21T17:07:31.837Z" },
    { url = "https://files.pythonhosted.org/packages/57/da/9594b75c3c019e805250bed3583bdf4443ff9e6ef08f97e39ae308cb06f2/mypy-1.20.2-cp314-cp314t-manylinux2014_aarch64.manylinux_2_17_aarch64.manylinux_2_28_aarch64.whl", hash = "sha256:688c3312e5dadb573a2c69c82af3a298d43ecf9e6d264e0f95df960b5f6ac19c", size = 15041649, upload-time = "2026-04-21T17:09:34.653Z" },
    { url = "https://files.pythonhosted.org/packages/97/77/f75a65c278e6e8eba2071f7f5a90481891053ecc39878cc444634d892abe/mypy-1.20.2-cp314-cp314t-manylinux2014_x86_64.manylinux_2_17_x86_64.manylinux_2_28_x86_64.whl", hash = "sha256:29752dbbf8cc53f89f6ac096d363314333045c257c9c75cbd189ca2de0455744", size = 15864588, upload-time = "2026-04-21T17:11:44.936Z" },
    { url = "https://files.pythonhosted.org/packages/d7/46/1a4e1c66e96c1a3246ddf5403d122ac9b0a8d2b7e65730b9d6533ba7a6d3/mypy-1.20.2-cp314-cp314t-musllinux_1_2_x86_64.whl", hash = "sha256:803203d2b6ea644982c644895c2f78b28d0e208bba7b27d9b921e0ec5eb207c6", size = 16093956, upload-time = "2026-04-21T17:10:17.683Z" },
    { url = "https://files.pythonhosted.org/packages/5a/2c/78a8851264dec38cd736ca5b8bc9380674df0dd0be7792f538916157716c/mypy-1.20.2-cp314-cp314t-win_amd64.whl", hash = "sha256:9bcb8aa397ff0093c824182fd76a935a9ba7ad097fcbef80ae89bf6c1731d8ec", size = 12568661, upload-time = "2026-04-21T17:11:54.473Z" },
    { url = "https://files.pythonhosted.org/packages/83/01/cd7318aa03493322ce275a0e14f4f52b8896335e4e79d4fb8153a7ad2b77/mypy-1.20.2-cp314-cp314t-win_arm64.whl", hash = "sha256:e061b58443f1736f8a37c48978d7ab581636d6ab03e3d4f99e3fa90463bb9382", size = 10389240, upload-time = "2026-04-21T17:09:42.719Z" },
    { url = "https://files.pythonhosted.org/packages/28/9a/f23c163e25b11074188251b0b5a0342625fc1cdb6af604757174fa9acc9b/mypy-1.20.2-py3-none-any.whl", hash = "sha256:a94c5a76ab46c5e6257c7972b6c8cff0574201ca7dc05647e33e795d78680563", size = 2637314, upload-time = "2026-04-21T17:05:54.5Z" },
]

[[package]]
name = "mypy-extensions"
version = "1.1.0"
source = { registry = "https://pypi.org/simple" }
sdist = { url = "https://files.pythonhosted.org/packages/a2/6e/371856a3fb9d31ca8dac321cda606860fa4548858c0cc45d9d1d4ca2628b/mypy_extensions-1.1.0.tar.gz", hash = "sha256:52e68efc3284861e772bbcd66823fde5ae21fd2fdb51c62a211403730b916558", size = 6343, upload-time = "2025-04-22T14:54:24.164Z" }
wheels = [
    { url = "https://files.pythonhosted.org/packages/79/7b/2c79738432f5c924bef5071f933bcc9efd0473bac3b4aa584a6f7c1c8df8/mypy_extensions-1.1.0-py3-none-any.whl", hash = "sha256:1be4cccdb0f2482337c4743e60421de3a356cd97508abadd57d47403e94f5505", size = 4963, upload-time = "2025-04-22T14:54:22.983Z" },
]

[[package]]
name = "packaging"
version = "26.3"
source = { registry = "https://pypi.org/simple" }
sdist = { url = "https://files.pythonhosted.org/packages/7d/fa/3944b40b07da9ce895c0e6303a5ab7d53da063554f534556b134a54d6093/packaging-26.3.tar.gz", hash = "sha256:94edc256424af38762eb31306eed28beb9f0efc50a8837492c9d6fd6004aed79", size = 313412, upload-time = "2026-08-04T18:15:28.737Z" }
wheels = [
    { url = "https://files.pythonhosted.org/packages/63/34/ba1c580383c9eada3711951fef0795c80b829a078d72188184bcab9dd527/packaging-26.3-py3-none-any.whl", hash = "sha256:d7193f7c8e4e93f444fde0262bf90af30e16fa0ad0ad44cb553c87339b23cd1c", size = 129956, upload-time = "2026-08-04T18:15:27.159Z" },
]

[[package]]
name = "paim"
version = "0.1.0"
source = { editable = "." }
dependencies = [
    { name = "alembic" },
    { name = "sqlalchemy" },
]

[package.dev-dependencies]
dev = [
    { name = "mypy" },
    { name = "pytest" },
    { name = "ruff" },
]

[package.metadata]
requires-dist = [
    { name = "alembic", specifier = ">=1.18,<2" },
    { name = "sqlalchemy", specifier = ">=2.0.48,<2.1" },
]

[package.metadata.requires-dev]
dev = [
    { name = "mypy", specifier = ">=1.18,<2" },
    { name = "pytest", specifier = ">=9,<10" },
    { name = "ruff", specifier = ">=0.14,<1" },
]

[[package]]
name = "pathspec"
version = "1.1.1"
source = { registry = "https://pypi.org/simple" }
sdist = { url = "https://files.pythonhosted.org/packages/5a/82/42f767fc1c1143d6fd36efb827202a2d997a375e160a71eb2888a925aac1/pathspec-1.1.1.tar.gz", hash = "sha256:17db5ecd524104a120e173814c90367a96a98d07c45b2e10c2f3919fff91bf5a", size = 135180, upload-time = "2026-04-27T01:46:08.907Z" }
wheels = [
    { url = "https://files.pythonhosted.org/packages/f1/d9/7fb5aa316bc299258e68c73ba3bddbc499654a07f151cba08f6153988714/pathspec-1.1.1-py3-none-any.whl", hash = "sha256:a00ce642f577bf7f473932318056212bc4f8bfdf53128c78bbd5af0b9b20b189", size = 57328, upload-time = "2026-04-27T01:46:07.06Z" },
]

[[package]]
name = "pluggy"
version = "1.6.0"
source = { registry = "https://pypi.org/simple" }
sdist = { url = "https://files.pythonhosted.org/packages/f9/e2/3e91f31a7d2b083fe6ef3fa267035b518369d9511ffab804f839851d2779/pluggy-1.6.0.tar.gz", hash = "sha256:7dcc130b76258d33b90f61b658791dede3486c3e6bfb003ee5c9bfb396dd22f3", size = 69412, upload-time = "2025-05-15T12:30:07.975Z" }
wheels = [
    { url = "https://files.pythonhosted.org/packages/54/20/4d324d65cc6d9205fabedc306948156824eb9f0ee1633355a8f7ec5c66bf/pluggy-1.6.0-py3-none-any.whl", hash = "sha256:e920276dd6813095e9377c0bc5566d94c932c33b27a3e3945d8389c374dd4746", size = 20538, upload-time = "2025-05-15T12:30:06.134Z" },
]

[[package]]
name = "pygments"
version = "2.21.0"
source = { registry = "https://pypi.org/simple" }
sdist = { url = "https://files.pythonhosted.org/packages/49/2e/ced460408999b33da6b31b0021b0f37d329e202d4169aeb164493778f25b/pygments-2.21.0.tar.gz", hash = "sha256:610ca751c9bc2492b38eb9a38a7fbc93edbbb2d7182edaf34e66ae493dee5c8c", size = 5005329, upload-time = "2026-08-17T08:02:48.824Z" }
wheels = [
    { url = "https://files.pythonhosted.org/packages/71/46/17f022dd3e953bf20a04a028a21ec746d942f8d2af30fa0f124fa0e6a684/pygments-2.21.0-py3-none-any.whl", hash = "sha256:2363c69b61c4a97c838da3b130dcd6468f4848992b21a82f2a63ec34377137d9", size = 1250147, upload-time = "2026-08-17T08:02:44.912Z" },
]

[[package]]
name = "pytest"
version = "9.1.1"
source = { registry = "https://pypi.org/simple" }
dependencies = [
    { name = "colorama", marker = "sys_platform == 'win32'" },
    { name = "iniconfig" },
    { name = "packaging" },
    { name = "pluggy" },
    { name = "pygments" },
]
sdist = { url = "https://files.pythonhosted.org/packages/e4/47/b9efed96c114afcfa3c9d3fe98a76a1d14c74a9e266d397cf6eb64be5e01/pytest-9.1.1.tar.gz", hash = "sha256:1088fbde8f2b49d95a549a195707afa7a76a3ce9bcadc26b6d71f0ffda5fe313", size = 1636369, upload-time = "2026-06-19T10:58:32.857Z" }
wheels = [
    { url = "https://files.pythonhosted.org/packages/24/25/1de2678b631f5a49215c6c96fff41ba892b0a34df68d6d80292b1b48aa7f/pytest-9.1.1-py3-none-any.whl", hash = "sha256:37a86b45efb9a47a61a36449063e8e18d0cab3161329fc099eb21783169c4f0c", size = 386536, upload-time = "2026-06-19T10:58:31.347Z" },
]

[[package]]
name = "ruff"
version = "0.16.3"
source = { registry = "https://pypi.org/simple" }
sdist = { url = "https://files.pythonhosted.org/packages/61/b3/3213589383f8f1b3938781bd1278713f6d18621a14992b3e81fefb8a5ef9/ruff-0.16.3.tar.gz", hash = "sha256:e76d33a347661a84b5be6d043d0347fdc745dfdcf825a8f4fed64b5e26eebdf2", size = 4891904, upload-time = "2026-08-13T15:17:13.381Z" }
wheels = [
    { url = "https://files.pythonhosted.org/packages/bf/96/493770daebd68c0a67f1549fdf519f53be51fc435186c0585bcc272fd76c/ruff-0.16.3-py3-none-linux_armv6l.whl", hash = "sha256:0c5710e247a58a4521e66e124ba9a74655b414f61ba3a2e9e3811e11098f48f7", size = 10902799, upload-time = "2026-08-13T15:16:27.382Z" },
    { url = "https://files.pythonhosted.org/packages/5e/e6/2becf3942fddc29a29b8df47691d456fb1085391a694f74d84513251418c/ruff-0.16.3-py3-none-macosx_10_12_x86_64.whl", hash = "sha256:fe155130631a2471fd2e14a7a664a4dfbd7194b8229c3d7b2a40b21178639081", size = 11135539, upload-time = "2026-08-13T15:16:30.87Z" },
    { url = "https://files.pythonhosted.org/packages/3e/1e/4b8b72f0d006dbf19326aa99f9ca0ee2ff374187c4d301cf529a51aa06fe/ruff-0.16.3-py3-none-macosx_11_0_arm64.whl", hash = "sha256:e2ed719e14aa64d895c2ee922594a90a43c861a93f0575a95ff8c47cdbd13eb9", size = 10475095, upload-time = "2026-08-13T15:16:33.259Z" },
    { url = "https://files.pythonhosted.org/packages/92/32/2201fa49ba1f6c101ee321e83f051ac7a4b8d07b0ef6b4d3f2772b302275/ruff-0.16.3-py3-none-manylinux_2_17_aarch64.manylinux2014_aarch64.whl", hash = "sha256:9e0b1da805eb043654645d74d5de1e5ce2edc686e40790d2b86f56d71cc06a84", size = 10668771, upload-time = "2026-08-13T15:16:35.65Z" },
    { url = "https://files.pythonhosted.org/packages/c3/66/4afc5c8363bd04d45effce1b7c8713ca037d7a6740b7451a2403a6e3a972/ruff-0.16.3-py3-none-manylinux_2_17_armv7l.manylinux2014_armv7l.whl", hash = "sha256:a37bdea0bbe21780f590bf437d6412c8c4e1b6cd010f91a65c2c40c5e5f5f870", size = 10699568, upload-time = "2026-08-13T15:16:38.195Z" },
    { url = "https://files.pythonhosted.org/packages/53/fd/c67d246bf36bf1698551c56de39e95cd07f70e64433e0098e6267d77061b/ruff-0.16.3-py3-none-manylinux_2_17_i686.manylinux2014_i686.whl", hash = "sha256:09571e6d1288ed9be475207a3ac04ada404f1cd898104be0f6ab8d7df438575b", size = 11499365, upload-time = "2026-08-13T15:16:40.623Z" },
    { url = "https://files.pythonhosted.org/packages/67/0b/00ecbceb99a263af7b12f6f05ac3c92bc47b905e91adc3f207a836e3bc01/ruff-0.16.3-py3-none-manylinux_2_17_ppc64le.manylinux2014_ppc64le.whl", hash = "sha256:2c18c5a101eb540010638cc1ff3c84944d3adb3df62b8d98ca8f22ba484d3413", size = 12311728, upload-time = "2026-08-13T15:16:43.564Z" },
    { url = "https://files.pythonhosted.org/packages/54/b2/b7b3bb54f4d3f7db504e476ad4ab8de530dceebe2c061384b2757ee419e8/ruff-0.16.3-py3-none-manylinux_2_17_s390x.manylinux2014_s390x.whl", hash = "sha256:8457c44f15033c85ddbb77b15d451df9e24e4bd03b628396dd3610cedc3b8f82", size = 11699896, upload-time = "2026-08-13T15:16:46.209Z" },
    { url = "https://files.pythonhosted.org/packages/c7/30/4c468429ac195addc5ee1b717b6ab1b66632786737ca3b2ed3443fb0c26a/ruff-0.16.3-py3-none-manylinux_2_17_x86_64.manylinux2014_x86_64.whl", hash = "sha256:294b95c4ae0cda9388525c2047778aa758d6b8d4bb876fd4e9eaa3ebc92343eb", size = 11058736, upload-time = "2026-08-13T15:16:48.823Z" },
    { url = "https://files.pythonhosted.org/packages/43/67/7a113cdaddf24b64d7f75b1242a99d04c82fcef4f6921fdbb832beaffb5f/ruff-0.16.3-py3-none-manylinux_2_31_riscv64.whl", hash = "sha256:3d0c7c40c87c2a820509c31ba007968da6e1306468c067b2d82fbfdbcd0e8474", size = 11586911, upload-time = "2026-08-13T15:16:51.913Z" },
    { url = "https://files.pythonhosted.org/packages/f1/c1/2e66f24c0f3ead25a5e660111778685e505e5da353c82802bf49f0cbe7b9/ruff-0.16.3-py3-none-musllinux_1_2_aarch64.whl", hash = "sha256:9f738c0fdfa8eed0b2ce7fb27ee7258208a92a68d7949e62aa15164bc7b389da", size = 10954265, upload-time = "2026-08-13T15:16:54.763Z" },
    { url = "https://files.pythonhosted.org/packages/c2/ba/4cee23bf52cba9a058d3726de623624daf50ef9638868edd86f4126157f6/ruff-0.16.3-py3-none-musllinux_1_2_armv7l.whl", hash = "sha256:fb785f0be25abe69d320415cd4f833b59e17ba7613d9ba6a958023b6bceb0a50", size = 10709886, upload-time = "2026-08-13T15:16:57.339Z" },
    { url = "https://files.pythonhosted.org/packages/82/df/7da7194fa5d9dc0a285f7e6fa5a4722e7c63faac0b45b614ded9314363a1/ruff-0.16.3-py3-none-musllinux_1_2_i686.whl", hash = "sha256:c5536e3acfbf9563085aa2be7b13c629c3077e902afc5b941ac44024dbb9f506", size = 11210392, upload-time = "2026-08-13T15:17:00.171Z" },
    { url = "https://files.pythonhosted.org/packages/35/85/7795f6e817af050e7517bf3e7aa9b061cce70ef33d280aad902c956c1ecf/ruff-0.16.3-py3-none-musllinux_1_2_x86_64.whl", hash = "sha256:a2d85c02f9b8e165d85e6779184d38c4132de12603dab59c51c28e22584f9e4d", size = 11626910, upload-time = "2026-08-13T15:17:03.299Z" },
    { url = "https://files.pythonhosted.org/packages/78/9b/475b927cf27a5cbbda3c7bafb69ed6ff77e1d7923d5d85f17c2749d7ae32/ruff-0.16.3-py3-none-win32.whl", hash = "sha256:388cdf2166642bd9b13d52b5932d3170f34f8abed7e8d9a855f1d84b83645a0a", size = 10931415, upload-time = "2026-08-13T15:17:05.726Z" },
    { url = "https://files.pythonhosted.org/packages/b2/99/e2a2bfc4fbf0a1e8a916bc9ebe6fe6c58cc34c28e0ffc6ce281d572d1c2e/ruff-0.16.3-py3-none-win_amd64.whl", hash = "sha256:e80a7d69ca2a6d1c4d352ec91458cdca6e56c83cdbcabd93e4abe1e53591d948", size = 11445993, upload-time = "2026-08-13T15:17:08.353Z" },
    { url = "https://files.pythonhosted.org/packages/69/3e/4132e539aed78c148854d4997a2685b0ed4dc4e87110b59ce528564e184e/ruff-0.16.3-py3-none-win_arm64.whl", hash = "sha256:b8ca152da82c1acc1fa8d5874b15951935f0eef46f10e6954c83859011b6178a", size = 11399302, upload-time = "2026-08-13T15:17:10.908Z" },
]

[[package]]
name = "sqlalchemy"
version = "2.0.52"
source = { registry = "https://pypi.org/simple" }
dependencies = [
    { name = "greenlet", marker = "platform_machine == 'AMD64' or platform_machine == 'WIN32' or platform_machine == 'aarch64' or platform_machine == 'amd64' or platform_machine == 'ppc64le' or platform_machine == 'win32' or platform_machine == 'x86_64'" },
    { name = "typing-extensions" },
]
sdist = { url = "https://files.pythonhosted.org/packages/3b/21/77b4c147963073040dc3c3a5cb7a8c3001a1893c0209432cb77f9df836aa/sqlalchemy-2.0.52.tar.gz", hash = "sha256:5e2d46356ac2ccb7d268ab6c2319ac6a2b42f1b8d5fd8bd3d46855cd82abee97", size = 9945637, upload-time = "2026-08-11T19:07:09.829Z" }
wheels = [
    { url = "https://files.pythonhosted.org/packages/d5/f5/71cb30af58c9b80a4e1fac0b73bb48f86d497a774a6a2eb6d2f1e657bb73/sqlalchemy-2.0.52-cp314-cp314-macosx_11_0_arm64.whl", hash = "sha256:410d52be41d17f1a236d19520fbe776257dc16516ed06bd16d433311842aefd9", size = 2169537, upload-time = "2026-08-11T20:58:13.855Z" },
    { url = "https://files.pythonhosted.org/packages/4c/93/d07ebd645d1b07b6b5ed63450a70f063a346a7e0f2c8810daf2e532400cb/sqlalchemy-2.0.52-cp314-cp314-manylinux2014_aarch64.manylinux_2_17_aarch64.manylinux_2_28_aarch64.whl", hash = "sha256:dfe9ce533dbe4d0a2ae1486546619bd30b76bcd670539a44d910361376175f5e", size = 3319606, upload-time = "2026-08-11T21:02:45.829Z" },
    { url = "https://files.pythonhosted.org/packages/ae/5c/290c84c7c2566ecd3b65baaae0fddec9bc33b033b398a06123bb86fbfc6e/sqlalchemy-2.0.52-cp314-cp314-manylinux2014_x86_64.manylinux_2_17_x86_64.manylinux_2_28_x86_64.whl", hash = "sha256:812bae5138bfc0aa46fb0686da0fc7f581f68e2bbb05bc24c3713bebaedd1437", size = 3323642, upload-time = "2026-08-11T21:17:05.675Z" },
    { url = "https://files.pythonhosted.org/packages/13/f5/2cc160590ca49173359557880b92a0572293ccb899e8f6cedf150c5a3ddf/sqlalchemy-2.0.52-cp314-cp314-musllinux_1_2_aarch64.whl", hash = "sha256:50bff43b632a56fbf5ed9afdd76307e1512b62051bcd5afb341ae67205bbb6c8", size = 3268125, upload-time = "2026-08-11T21:02:47.649Z" },
    { url = "https://files.pythonhosted.org/packages/35/f3/ea8933fc9f7d1353e9c2ff9965eae687c4cef181120574591ed2fa0633e1/sqlalchemy-2.0.52-cp314-cp314-musllinux_1_2_x86_64.whl", hash = "sha256:49565daf5af554f538e23aef1fc81a95a4e49658f152285e45c02f5fc44f04cd", size = 3289516, upload-time = "2026-08-11T21:17:07.267Z" },
    { url = "https://files.pythonhosted.org/packages/45/67/05cf86541c1e1716fca1e4a996954a439cd74501707cda607fb7cb02ef50/sqlalchemy-2.0.52-cp314-cp314-win32.whl", hash = "sha256:ab9da41e61b9979b910499d633b241df20c51ee5037e5405b11c2faac3cbe1a2", size = 2130249, upload-time = "2026-08-11T21:14:57.273Z" },
    { url = "https://files.pythonhosted.org/packages/96/d7/8ac6ffa1e36169e762ef65bd835046abb2251b1bc17f8f6708e14ed8d31f/sqlalchemy-2.0.52-cp314-cp314-win_amd64.whl", hash = "sha256:a593db51b3bae75db17a5738ad5f992244b3a03863f83c28117ee482c6a3f76d", size = 2156718, upload-time = "2026-08-11T21:14:58.667Z" },
    { url = "https://files.pythonhosted.org/packages/dc/4b/e01a737eef378e734cc6394a82248a6ce13b167dfa36c731075ce9fc9c64/sqlalchemy-2.0.52-cp314-cp314t-macosx_11_0_arm64.whl", hash = "sha256:c1e61d08bdf4ee2f41024569e3400de7d6734ba498144766b11260936ccfa582", size = 2190344, upload-time = "2026-08-11T19:53:21.393Z" },
    { url = "https://files.pythonhosted.org/packages/b3/3f/3582293d1e185e71d19d7c731c3e2ee20ba21981c4a1115c0806c1f62120/sqlalchemy-2.0.52-py3-none-any.whl", hash = "sha256:3b81b8363a919ce53453591cdb93702e6bd54ade6c4fa2f468fc053baee5ed89", size = 1950700, upload-time = "2026-08-11T20:47:21.603Z" },
]

[[package]]
name = "typing-extensions"
version = "4.16.0"
source = { registry = "https://pypi.org/simple" }
sdist = { url = "https://files.pythonhosted.org/packages/f6/cc/6253133b5bb138fc3306cebfbda2c520f545d36b5be2c7255cc528bb45d6/typing_extensions-4.16.0.tar.gz", hash = "sha256:dc983d19a509c94dba722ee6abd33940f7c05a89e243c47e907eb4db6f1a43e5", size = 113555, upload-time = "2026-07-02T08:40:05.92Z" }
wheels = [
    { url = "https://files.pythonhosted.org/packages/49/d3/b8441a820a491ddfc024b0b0cf0393375b75ea13866d9c66727e54c2fc80/typing_extensions-4.16.0-py3-none-any.whl", hash = "sha256:481caa481374e813c1b176ada14e97f1f67a4539ce9cfeb3f350d78d6370c2e8", size = 45571, upload-time = "2026-07-02T08:40:04.659Z" },
]
